
Microsoft Visual Studio Solution File, Format Version 12.00
# Visual Studio Version 16
VisualStudioVersion = 16.0.31727.386
MinimumVisualStudioVersion = 10.0.40219.1
Project("{FAE04EC0-301F-11D3-BF4B-00C04F79EFBC}") = "PizzaWebSite", "PizzaWebSite\PizzaWebSite.csproj", "{5268B1CA-5B75-4D80-A3F0-2F3A3E1C65C0}"
EndProject
Global
	GlobalSection(SolutionConfigurationPlatforms) = preSolution
		Debug|Any CPU = Debug|Any CPU
		Release|Any CPU = Release|Any CPU
	EndGlobalSection
	GlobalSection(ProjectConfigurationPlatforms) = postSolution
		{5268B1CA-5B75-4D80-A3F0-2F3A3E1C65C0}.Debug|Any CPU.ActiveCfg = Debug|Any CPU
		{5268B1CA-5B75-4D80-A3F0-2F3A3E1C65C0}.Debug|Any CPU.Build.0 = Debug|Any CPU
		{5268B1CA-5B75-4D80-A3F0-2F3A3E1C65C0}.Release|Any CPU.ActiveCfg = Release|Any CPU
		{5268B1CA-5B75-4D80-A3F0-2F3A3E1C65C0}.Release|Any CPU.Build.0 = Release|Any CPU
	EndGlobalSection
	GlobalSection(SolutionProperties) = preSolution
		HideSolutionNode = FALSE
	EndGlobalSection
	GlobalSection(ExtensibilityGlobals) = postSolution
		SolutionGuid = {94671EE7-4924-489A-A02F-C1E9F78B8B3E}
	EndGlobalSection
EndGlobal
